
Microsoft Visual Studio Solution File, Format Version 12.00
# Visual Studio Version 16
VisualStudioVersion = 16.0.29403.142
MinimumVisualStudioVersion = 10.0.40219.1
Project("{2150E333-8FDC-42A3-9474-1A3956D46DE8}") = "Microservices", "Microservices", "{CDB539A6-EC79-4464-84A2-359C456187C3}"
EndProject
Project("{2150E333-8FDC-42A3-9474-1A3956D46DE8}") = "Identity", "Identity", "{B15D991C-2851-4E1A-8B75-72CED57A03D0}"
EndProject
Project("{9A19103F-16F7-4668-BE54-9A1E7A4F7556}") = "MicroApp.Identity.Api", "MicroApp.Identity.Api\MicroApp.Identity.Api.csproj", "{C0B15170-D96C-4BDB-B51E-D7884DE30339}"
EndProject
Project("{2150E333-8FDC-42A3-9474-1A3956D46DE8}") = "Common", "Common", "{08E0079C-69E8-48E2-914A-5DAB771F6730}"
EndProject
Project("{9A19103F-16F7-4668-BE54-9A1E7A4F7556}") = "MicroApp.Common", "MicroApp.Common\MicroApp.Common.csproj", "{7F77E653-AD20-4048-A0BE-9EF9FBAF9C1B}"
EndProject
Project("{2150E333-8FDC-42A3-9474-1A3956D46DE8}") = "Api", "Api", "{0385A52F-D355-4D25-AC4E-9D303C0B2BA7}"
EndProject
Project("{9A19103F-16F7-4668-BE54-9A1E7A4F7556}") = "MicroApp.Api", "MicroApp.Api\MicroApp.Api.csproj", "{28910C56-5D5E-428C-BA38-F83D5B9F00E6}"
EndProject
Project("{2150E333-8FDC-42A3-9474-1A3956D46DE8}") = "Notification", "Notification", "{E0A89D5A-1CAA-4D83-9D79-F76154D807E2}"
EndProject
Project("{9A19103F-16F7-4668-BE54-9A1E7A4F7556}") = "MicroApp.Notification.Api", "MicroApp.Notification.Api\MicroApp.Notification.Api.csproj", "{46927ECE-7574-4A21-A399-954BF0D9F451}"
EndProject
Project("{2150E333-8FDC-42A3-9474-1A3956D46DE8}") = "Products", "Products", "{2602E513-1C65-4375-B57D-46C41F989F18}"
EndProject
Project("{9A19103F-16F7-4668-BE54-9A1E7A4F7556}") = "MicroApp.Products.Api", "MicroApp.Products.Api\MicroApp.Products.Api.csproj", "{14576DC1-F10F-420E-B663-0C54FEC2D022}"
EndProject
Project("{2150E333-8FDC-42A3-9474-1A3956D46DE8}") = "Documents", "Documents", "{7A1B4CF0-8C01-4066-BA2B-9A58D1108382}"
EndProject
Project("{9A19103F-16F7-4668-BE54-9A1E7A4F7556}") = "MicroApp.Documents.Api", "MicroApp.Documents.Api\MicroApp.Documents.Api.csproj", "{56222F78-8DCB-4DD6-87F0-293414D1B41F}"
EndProject
Project("{2150E333-8FDC-42A3-9474-1A3956D46DE8}") = "tests", "tests", "{EEE3BF29-80A8-4AA4-9D10-775BF301198B}"
EndProject
Project("{FAE04EC0-301F-11D3-BF4B-00C04F79EFBC}") = "MicroApp.Documents.Api.Tests", "MicroApp.Documents.Api.Tests\MicroApp.Documents.Api.Tests.csproj", "{CE50DBDC-477C-4389-910C-61730C91F2AC}"
EndProject
Project("{2150E333-8FDC-42A3-9474-1A3956D46DE8}") = "src", "src", "{344AF340-06CF-403F-A3DB-873F3B5846A2}"
EndProject
Global
	GlobalSection(SolutionConfigurationPlatforms) = preSolution
		Debug|Any CPU = Debug|Any CPU
		Release|Any CPU = Release|Any CPU
	EndGlobalSection
	GlobalSection(ProjectConfigurationPlatforms) = postSolution
		{C0B15170-D96C-4BDB-B51E-D7884DE30339}.Debug|Any CPU.ActiveCfg = Debug|Any CPU
		{C0B15170-D96C-4BDB-B51E-D7884DE30339}.Debug|Any CPU.Build.0 = Debug|Any CPU
		{C0B15170-D96C-4BDB-B51E-D7884DE30339}.Release|Any CPU.ActiveCfg = Release|Any CPU
		{C0B15170-D96C-4BDB-B51E-D7884DE30339}.Release|Any CPU.Build.0 = Release|Any CPU
		{7F77E653-AD20-4048-A0BE-9EF9FBAF9C1B}.Debug|Any CPU.ActiveCfg = Debug|Any CPU
		{7F77E653-AD20-4048-A0BE-9EF9FBAF9C1B}.Debug|Any CPU.Build.0 = Debug|Any CPU
		{7F77E653-AD20-4048-A0BE-9EF9FBAF9C1B}.Release|Any CPU.ActiveCfg = Release|Any CPU
		{7F77E653-AD20-4048-A0BE-9EF9FBAF9C1B}.Release|Any CPU.Build.0 = Release|Any CPU
		{28910C56-5D5E-428C-BA38-F83D5B9F00E6}.Debug|Any CPU.ActiveCfg = Debug|Any CPU
		{28910C56-5D5E-428C-BA38-F83D5B9F00E6}.Debug|Any CPU.Build.0 = Debug|Any CPU
		{28910C56-5D5E-428C-BA38-F83D5B9F00E6}.Release|Any CPU.ActiveCfg = Release|Any CPU
		{28910C56-5D5E-428C-BA38-F83D5B9F00E6}.Release|Any CPU.Build.0 = Release|Any CPU
		{46927ECE-7574-4A21-A399-954BF0D9F451}.Debug|Any CPU.ActiveCfg = Debug|Any CPU
		{46927ECE-7574-4A21-A399-954BF0D9F451}.Debug|Any CPU.Build.0 = Debug|Any CPU
		{46927ECE-7574-4A21-A399-954BF0D9F451}.Release|Any CPU.ActiveCfg = Release|Any CPU
		{46927ECE-7574-4A21-A399-954BF0D9F451}.Release|Any CPU.Build.0 = Release|Any CPU
		{14576DC1-F10F-420E-B663-0C54FEC2D022}.Debug|Any CPU.ActiveCfg = Debug|Any CPU
		{14576DC1-F10F-420E-B663-0C54FEC2D022}.Debug|Any CPU.Build.0 = Debug|Any CPU
		{14576DC1-F10F-420E-B663-0C54FEC2D022}.Release|Any CPU.ActiveCfg = Release|Any CPU
		{14576DC1-F10F-420E-B663-0C54FEC2D022}.Release|Any CPU.Build.0 = Release|Any CPU
		{56222F78-8DCB-4DD6-87F0-293414D1B41F}.Debug|Any CPU.ActiveCfg = Debug|Any CPU
		{56222F78-8DCB-4DD6-87F0-293414D1B41F}.Debug|Any CPU.Build.0 = Debug|Any CPU
		{56222F78-8DCB-4DD6-87F0-293414D1B41F}.Release|Any CPU.ActiveCfg = Release|Any CPU
		{56222F78-8DCB-4DD6-87F0-293414D1B41F}.Release|Any CPU.Build.0 = Release|Any CPU
		{CE50DBDC-477C-4389-910C-61730C91F2AC}.Debug|Any CPU.ActiveCfg = Debug|Any CPU
		{CE50DBDC-477C-4389-910C-61730C91F2AC}.Debug|Any CPU.Build.0 = Debug|Any CPU
		{CE50DBDC-477C-4389-910C-61730C91F2AC}.Release|Any CPU.ActiveCfg = Release|Any CPU
		{CE50DBDC-477C-4389-910C-61730C91F2AC}.Release|Any CPU.Build.0 = Release|Any CPU
	EndGlobalSection
	GlobalSection(SolutionProperties) = preSolution
		HideSolutionNode = FALSE
	EndGlobalSection
	GlobalSection(NestedProjects) = preSolution
		{B15D991C-2851-4E1A-8B75-72CED57A03D0} = {CDB539A6-EC79-4464-84A2-359C456187C3}
		{C0B15170-D96C-4BDB-B51E-D7884DE30339} = {B15D991C-2851-4E1A-8B75-72CED57A03D0}
		{7F77E653-AD20-4048-A0BE-9EF9FBAF9C1B} = {08E0079C-69E8-48E2-914A-5DAB771F6730}
		{0385A52F-D355-4D25-AC4E-9D303C0B2BA7} = {CDB539A6-EC79-4464-84A2-359C456187C3}
		{28910C56-5D5E-428C-BA38-F83D5B9F00E6} = {0385A52F-D355-4D25-AC4E-9D303C0B2BA7}
		{E0A89D5A-1CAA-4D83-9D79-F76154D807E2} = {CDB539A6-EC79-4464-84A2-359C456187C3}
		{46927ECE-7574-4A21-A399-954BF0D9F451} = {E0A89D5A-1CAA-4D83-9D79-F76154D807E2}
		{2602E513-1C65-4375-B57D-46C41F989F18} = {CDB539A6-EC79-4464-84A2-359C456187C3}
		{14576DC1-F10F-420E-B663-0C54FEC2D022} = {2602E513-1C65-4375-B57D-46C41F989F18}
		{7A1B4CF0-8C01-4066-BA2B-9A58D1108382} = {CDB539A6-EC79-4464-84A2-359C456187C3}
		{56222F78-8DCB-4DD6-87F0-293414D1B41F} = {344AF340-06CF-403F-A3DB-873F3B5846A2}
		{EEE3BF29-80A8-4AA4-9D10-775BF301198B} = {7A1B4CF0-8C01-4066-BA2B-9A58D1108382}
		{CE50DBDC-477C-4389-910C-61730C91F2AC} = {EEE3BF29-80A8-4AA4-9D10-775BF301198B}
		{344AF340-06CF-403F-A3DB-873F3B5846A2} = {7A1B4CF0-8C01-4066-BA2B-9A58D1108382}
	EndGlobalSection
	GlobalSection(ExtensibilityGlobals) = postSolution
		SolutionGuid = {6BA1DE38-D413-498D-AA4F-32421F6CB357}
	EndGlobalSection
EndGlobal
